
Microsoft Visual Studio Solution File, Format Version 12.00
# Visual Studio 15
VisualStudioVersion = 15.0.28307.1231
MinimumVisualStudioVersion = 10.0.40219.1
Project("{8BC9CEB8-8B4A-11D0-8D11-00A0C91BC942}") = "CPC_NG_11_0B_Xplatforms_OpenSource", "CPC_NG_11_0B_Xplatforms_OpenSource\CPC_NG_11_0B_Xplatforms_OpenSource.vcxproj", "{CC252926-02EC-4BD9-8201-3A72A9950832}"
EndProject
Global
	GlobalSection(SolutionConfigurationPlatforms) = preSolution
		Debug|x64 = Debug|x64
		Debug|x86 = Debug|x86
		Release|x64 = Release|x64
		Release|x86 = Release|x86
	EndGlobalSection
	GlobalSection(ProjectConfigurationPlatforms) = postSolution
		{CC252926-02EC-4BD9-8201-3A72A9950832}.Debug|x64.ActiveCfg = Debug|x64
		{CC252926-02EC-4BD9-8201-3A72A9950832}.Debug|x64.Build.0 = Debug|x64
		{CC252926-02EC-4BD9-8201-3A72A9950832}.Debug|x86.ActiveCfg = Debug|Win32
		{CC252926-02EC-4BD9-8201-3A72A9950832}.Debug|x86.Build.0 = Debug|Win32
		{CC252926-02EC-4BD9-8201-3A72A9950832}.Release|x64.ActiveCfg = Release|x64
		{CC252926-02EC-4BD9-8201-3A72A9950832}.Release|x64.Build.0 = Release|x64
		{CC252926-02EC-4BD9-8201-3A72A9950832}.Release|x86.ActiveCfg = Release|Win32
		{CC252926-02EC-4BD9-8201-3A72A9950832}.Release|x86.Build.0 = Release|Win32
	EndGlobalSection
	GlobalSection(SolutionProperties) = preSolution
		HideSolutionNode = FALSE
	EndGlobalSection
	GlobalSection(ExtensibilityGlobals) = postSolution
		SolutionGuid = {627B1263-86E9-4596-AEAC-AA59A05839B1}
	EndGlobalSection
EndGlobal
